
Microsoft Visual Studio Solution File, Format Version 12.00
# Visual Studio Version 17
VisualStudioVersion = 17.8.34330.188
MinimumVisualStudioVersion = 10.0.40219.1
Project("{FAE04EC0-301F-11D3-BF4B-00C04F79EFBC}") = "LearnCsharpApp", "LearnCsharpApp.csproj", "{B667F40C-E39C-4FB8-841F-36EA156D6743}"
EndProject
Global
	GlobalSection(SolutionConfigurationPlatforms) = preSolution
		Debug|Any CPU = Debug|Any CPU
		Release|Any CPU = Release|Any CPU
	EndGlobalSection
	GlobalSection(ProjectConfigurationPlatforms) = postSolution
		{B667F40C-E39C-4FB8-841F-36EA156D6743}.Debug|Any CPU.ActiveCfg = Debug|Any CPU
		{B667F40C-E39C-4FB8-841F-36EA156D6743}.Debug|Any CPU.Build.0 = Debug|Any CPU
		{B667F40C-E39C-4FB8-841F-36EA156D6743}.Release|Any CPU.ActiveCfg = Release|Any CPU
		{B667F40C-E39C-4FB8-841F-36EA156D6743}.Release|Any CPU.Build.0 = Release|Any CPU
	EndGlobalSection
	GlobalSection(SolutionProperties) = preSolution
		HideSolutionNode = FALSE
	EndGlobalSection
	GlobalSection(ExtensibilityGlobals) = postSolution
		SolutionGuid = {426DF7FF-D118-4FCB-A06C-C6D88A9FC9C6}
	EndGlobalSection
EndGlobal
